
Microsoft Visual Studio Solution File, Format Version 12.00
# Visual Studio Version 16
VisualStudioVersion = 16.0.29920.165
MinimumVisualStudioVersion = 10.0.40219.1
Project("{FAE04EC0-301F-11D3-BF4B-00C04F79EFBC}") = "CLIENT_wpf", "CLIENT_wpf.csproj", "{1234792C-A8CD-4AA1-88B9-8C4F2514A060}"
EndProject
Project("{8BC9CEB8-8B4A-11D0-8D11-00A0C91BC942}") = "forDDL", "..\forDDL\forDDL.vcxproj", "{AD732533-E936-4C36-9E13-D201F8E8062B}"
EndProject
Project("{8BC9CEB8-8B4A-11D0-8D11-00A0C91BC942}") = "SERVER_window", "..\SERVER_window\SERVER_window.vcxproj", "{F2F1AFEA-6A21-42E5-A9BE-B0B59EBD8FEF}"
EndProject
Global
	GlobalSection(SolutionConfigurationPlatforms) = preSolution
		Debug|Any CPU = Debug|Any CPU
		Debug|x64 = Debug|x64
		Debug|x86 = Debug|x86
		Release|Any CPU = Release|Any CPU
		Release|x64 = Release|x64
		Release|x86 = Release|x86
	EndGlobalSection
	GlobalSection(ProjectConfigurationPlatforms) = postSolution
		{1234792C-A8CD-4AA1-88B9-8C4F2514A060}.Debug|Any CPU.ActiveCfg = Debug|Any CPU
		{1234792C-A8CD-4AA1-88B9-8C4F2514A060}.Debug|Any CPU.Build.0 = Debug|Any CPU
		{1234792C-A8CD-4AA1-88B9-8C4F2514A060}.Debug|x64.ActiveCfg = Debug|Any CPU
		{1234792C-A8CD-4AA1-88B9-8C4F2514A060}.Debug|x64.Build.0 = Debug|Any CPU
		{1234792C-A8CD-4AA1-88B9-8C4F2514A060}.Debug|x86.ActiveCfg = Debug|Any CPU
		{1234792C-A8CD-4AA1-88B9-8C4F2514A060}.Debug|x86.Build.0 = Debug|Any CPU
		{1234792C-A8CD-4AA1-88B9-8C4F2514A060}.Release|Any CPU.ActiveCfg = Release|Any CPU
		{1234792C-A8CD-4AA1-88B9-8C4F2514A060}.Release|Any CPU.Build.0 = Release|Any CPU
		{1234792C-A8CD-4AA1-88B9-8C4F2514A060}.Release|x64.ActiveCfg = Release|Any CPU
		{1234792C-A8CD-4AA1-88B9-8C4F2514A060}.Release|x64.Build.0 = Release|Any CPU
		{1234792C-A8CD-4AA1-88B9-8C4F2514A060}.Release|x86.ActiveCfg = Release|Any CPU
		{1234792C-A8CD-4AA1-88B9-8C4F2514A060}.Release|x86.Build.0 = Release|Any CPU
		{AD732533-E936-4C36-9E13-D201F8E8062B}.Debug|Any CPU.ActiveCfg = Debug|Win32
		{AD732533-E936-4C36-9E13-D201F8E8062B}.Debug|x64.ActiveCfg = Debug|x64
		{AD732533-E936-4C36-9E13-D201F8E8062B}.Debug|x64.Build.0 = Debug|x64
		{AD732533-E936-4C36-9E13-D201F8E8062B}.Debug|x86.ActiveCfg = Debug|Win32
		{AD732533-E936-4C36-9E13-D201F8E8062B}.Debug|x86.Build.0 = Debug|Win32
		{AD732533-E936-4C36-9E13-D201F8E8062B}.Release|Any CPU.ActiveCfg = Release|Win32
		{AD732533-E936-4C36-9E13-D201F8E8062B}.Release|x64.ActiveCfg = Release|x64
		{AD732533-E936-4C36-9E13-D201F8E8062B}.Release|x64.Build.0 = Release|x64
		{AD732533-E936-4C36-9E13-D201F8E8062B}.Release|x86.ActiveCfg = Release|Win32
		{AD732533-E936-4C36-9E13-D201F8E8062B}.Release|x86.Build.0 = Release|Win32
		{F2F1AFEA-6A21-42E5-A9BE-B0B59EBD8FEF}.Debug|Any CPU.ActiveCfg = Debug|Win32
		{F2F1AFEA-6A21-42E5-A9BE-B0B59EBD8FEF}.Debug|x64.ActiveCfg = Debug|x64
		{F2F1AFEA-6A21-42E5-A9BE-B0B59EBD8FEF}.Debug|x64.Build.0 = Debug|x64
		{F2F1AFEA-6A21-42E5-A9BE-B0B59EBD8FEF}.Debug|x86.ActiveCfg = Debug|Win32
		{F2F1AFEA-6A21-42E5-A9BE-B0B59EBD8FEF}.Debug|x86.Build.0 = Debug|Win32
		{F2F1AFEA-6A21-42E5-A9BE-B0B59EBD8FEF}.Release|Any CPU.ActiveCfg = Release|Win32
		{F2F1AFEA-6A21-42E5-A9BE-B0B59EBD8FEF}.Release|x64.ActiveCfg = Release|x64
		{F2F1AFEA-6A21-42E5-A9BE-B0B59EBD8FEF}.Release|x64.Build.0 = Release|x64
		{F2F1AFEA-6A21-42E5-A9BE-B0B59EBD8FEF}.Release|x86.ActiveCfg = Release|Win32
		{F2F1AFEA-6A21-42E5-A9BE-B0B59EBD8FEF}.Release|x86.Build.0 = Release|Win32
	EndGlobalSection
	GlobalSection(SolutionProperties) = preSolution
		HideSolutionNode = FALSE
	EndGlobalSection
	GlobalSection(ExtensibilityGlobals) = postSolution
		SolutionGuid = {F3F48D83-DE3F-4B61-81CC-D58BB1B1988F}
	EndGlobalSection
EndGlobal
